
Microsoft Visual Studio Solution File, Format Version 12.00
# Visual Studio Version 17
VisualStudioVersion = 17.8.34511.84
MinimumVisualStudioVersion = 10.0.40219.1
Project("{9A19103F-16F7-4668-BE54-9A1E7A4F7556}") = "TitleMaker", "TitleMaker\TitleMaker.csproj", "{416D4DD2-8027-44C9-A633-48F85E6BDBE0}"
EndProject
Project("{9A19103F-16F7-4668-BE54-9A1E7A4F7556}") = "MapMaker", "MapMaker\MapMaker.csproj", "{CF1BD060-3350-4A44-B841-E3450F726033}"
EndProject
Project("{FAE04EC0-301F-11D3-BF4B-00C04F79EFBC}") = "MapMaker2", "MapMaker2\MapMaker2.csproj", "{2DBA2082-150A-4F9A-A689-51F18A36DBE8}"
EndProject
Global
	GlobalSection(SolutionConfigurationPlatforms) = preSolution
		Debug|Any CPU = Debug|Any CPU
		Release|Any CPU = Release|Any CPU
	EndGlobalSection
	GlobalSection(ProjectConfigurationPlatforms) = postSolution
		{416D4DD2-8027-44C9-A633-48F85E6BDBE0}.Debug|Any CPU.ActiveCfg = Debug|Any CPU
		{416D4DD2-8027-44C9-A633-48F85E6BDBE0}.Debug|Any CPU.Build.0 = Debug|Any CPU
		{416D4DD2-8027-44C9-A633-48F85E6BDBE0}.Release|Any CPU.ActiveCfg = Release|Any CPU
		{416D4DD2-8027-44C9-A633-48F85E6BDBE0}.Release|Any CPU.Build.0 = Release|Any CPU
		{CF1BD060-3350-4A44-B841-E3450F726033}.Debug|Any CPU.ActiveCfg = Debug|Any CPU
		{CF1BD060-3350-4A44-B841-E3450F726033}.Debug|Any CPU.Build.0 = Debug|Any CPU
		{CF1BD060-3350-4A44-B841-E3450F726033}.Release|Any CPU.ActiveCfg = Release|Any CPU
		{CF1BD060-3350-4A44-B841-E3450F726033}.Release|Any CPU.Build.0 = Release|Any CPU
		{2DBA2082-150A-4F9A-A689-51F18A36DBE8}.Debug|Any CPU.ActiveCfg = Debug|Any CPU
		{2DBA2082-150A-4F9A-A689-51F18A36DBE8}.Debug|Any CPU.Build.0 = Debug|Any CPU
		{2DBA2082-150A-4F9A-A689-51F18A36DBE8}.Release|Any CPU.ActiveCfg = Release|Any CPU
		{2DBA2082-150A-4F9A-A689-51F18A36DBE8}.Release|Any CPU.Build.0 = Release|Any CPU
	EndGlobalSection
	GlobalSection(SolutionProperties) = preSolution
		HideSolutionNode = FALSE
	EndGlobalSection
	GlobalSection(ExtensibilityGlobals) = postSolution
		SolutionGuid = {8A065DCB-C35E-4CF3-BCC1-4942D0889A5E}
	EndGlobalSection
EndGlobal
